
Microsoft Visual Studio Solution File, Format Version 12.00
# Visual Studio 15
VisualStudioVersion = 15.0.27130.2036
MinimumVisualStudioVersion = 10.0.40219.1
Project("{FAE04EC0-301F-11D3-BF4B-00C04F79EFBC}") = "BEPUutilities", "BEPUutilities\BEPUutilities.csproj", "{34853DEA-43A6-4F2F-A379-D1EE04D256D2}"
EndProject
Project("{FAE04EC0-301F-11D3-BF4B-00C04F79EFBC}") = "BEPUphysics", "BEPUphysics\BEPUphysics.csproj", "{C0D52C9F-14B8-4008-8DDC-109C27561A5C}"
EndProject
Project("{FAE04EC0-301F-11D3-BF4B-00C04F79EFBC}") = "BEPUik", "BEPUik\BEPUik.csproj", "{2D5A0344-623A-4BFA-AAB6-8AC64E2A4129}"
EndProject
Project("{FAE04EC0-301F-11D3-BF4B-00C04F79EFBC}") = "BEPUtests", "BEPUtests\BEPUtests.csproj", "{74AC3B9E-FDC4-491C-98D2-CCA0F100D051}"
EndProject
Project("{FAE04EC0-301F-11D3-BF4B-00C04F79EFBC}") = "Fix64tests", "FixedMath.Net\tests\Fix64tests.csproj", "{123F94B1-65A5-4BCD-8E1E-7F8B95337444}"
EndProject
Project("{FAE04EC0-301F-11D3-BF4B-00C04F79EFBC}") = "FixedMath.NET", "FixedMath.Net\src\FixedMath.NET.csproj", "{D46C606E-5826-465F-9983-251E3D3B2F1C}"
EndProject
Project("{FAE04EC0-301F-11D3-BF4B-00C04F79EFBC}") = "BEPUbenchmark", "BEPUbenchmark\BEPUbenchmark.csproj", "{97B92266-B7EE-468A-BA8B-EDCC6EC27C9B}"
EndProject
Project("{FAE04EC0-301F-11D3-BF4B-00C04F79EFBC}") = "BEPUfloatBenchmark", "BEPUfloatBenchmark\BEPUfloatBenchmark.csproj", "{D34D92C3-F717-4844-BD9A-B5A0FF40D0A6}"
EndProject
Global
	GlobalSection(SolutionConfigurationPlatforms) = preSolution
		Debug|Any CPU = Debug|Any CPU
		Debug|x64 = Debug|x64
		Debug|x86 = Debug|x86
		Release|Any CPU = Release|Any CPU
		Release|x64 = Release|x64
		Release|x86 = Release|x86
	EndGlobalSection
	GlobalSection(ProjectConfigurationPlatforms) = postSolution
		{34853DEA-43A6-4F2F-A379-D1EE04D256D2}.Debug|Any CPU.ActiveCfg = Debug|Any CPU
		{34853DEA-43A6-4F2F-A379-D1EE04D256D2}.Debug|Any CPU.Build.0 = Debug|Any CPU
		{34853DEA-43A6-4F2F-A379-D1EE04D256D2}.Debug|x64.ActiveCfg = Debug|x64
		{34853DEA-43A6-4F2F-A379-D1EE04D256D2}.Debug|x64.Build.0 = Debug|x64
		{34853DEA-43A6-4F2F-A379-D1EE04D256D2}.Debug|x86.ActiveCfg = Debug|x86
		{34853DEA-43A6-4F2F-A379-D1EE04D256D2}.Debug|x86.Build.0 = Debug|x86
		{34853DEA-43A6-4F2F-A379-D1EE04D256D2}.Release|Any CPU.ActiveCfg = Release|Any CPU
		{34853DEA-43A6-4F2F-A379-D1EE04D256D2}.Release|Any CPU.Build.0 = Release|Any CPU
		{34853DEA-43A6-4F2F-A379-D1EE04D256D2}.Release|x64.ActiveCfg = Release|x64
		{34853DEA-43A6-4F2F-A379-D1EE04D256D2}.Release|x64.Build.0 = Release|x64
		{34853DEA-43A6-4F2F-A379-D1EE04D256D2}.Release|x86.ActiveCfg = Release|x86
		{34853DEA-43A6-4F2F-A379-D1EE04D256D2}.Release|x86.Build.0 = Release|x86
		{C0D52C9F-14B8-4008-8DDC-109C27561A5C}.Debug|Any CPU.ActiveCfg = Debug|Any CPU
		{C0D52C9F-14B8-4008-8DDC-109C27561A5C}.Debug|Any CPU.Build.0 = Debug|Any CPU
		{C0D52C9F-14B8-4008-8DDC-109C27561A5C}.Debug|x64.ActiveCfg = Debug|x64
		{C0D52C9F-14B8-4008-8DDC-109C27561A5C}.Debug|x64.Build.0 = Debug|x64
		{C0D52C9F-14B8-4008-8DDC-109C27561A5C}.Debug|x86.ActiveCfg = Debug|x86
		{C0D52C9F-14B8-4008-8DDC-109C27561A5C}.Debug|x86.Build.0 = Debug|x86
		{C0D52C9F-14B8-4008-8DDC-109C27561A5C}.Release|Any CPU.ActiveCfg = Release|Any CPU
		{C0D52C9F-14B8-4008-8DDC-109C27561A5C}.Release|Any CPU.Build.0 = Release|Any CPU
		{C0D52C9F-14B8-4008-8DDC-109C27561A5C}.Release|x64.ActiveCfg = Release|x64
		{C0D52C9F-14B8-4008-8DDC-109C27561A5C}.Release|x64.Build.0 = Release|x64
		{C0D52C9F-14B8-4008-8DDC-109C27561A5C}.Release|x86.ActiveCfg = Release|x86
		{C0D52C9F-14B8-4008-8DDC-109C27561A5C}.Release|x86.Build.0 = Release|x86
		{2D5A0344-623A-4BFA-AAB6-8AC64E2A4129}.Debug|Any CPU.ActiveCfg = Debug|Any CPU
		{2D5A0344-623A-4BFA-AAB6-8AC64E2A4129}.Debug|Any CPU.Build.0 = Debug|Any CPU
		{2D5A0344-623A-4BFA-AAB6-8AC64E2A4129}.Debug|x64.ActiveCfg = Debug|x64
		{2D5A0344-623A-4BFA-AAB6-8AC64E2A4129}.Debug|x64.Build.0 = Debug|x64
		{2D5A0344-623A-4BFA-AAB6-8AC64E2A4129}.Debug|x86.ActiveCfg = Debug|x86
		{2D5A0344-623A-4BFA-AAB6-8AC64E2A4129}.Debug|x86.Build.0 = Debug|x86
		{2D5A0344-623A-4BFA-AAB6-8AC64E2A4129}.Release|Any CPU.ActiveCfg = Release|Any CPU
		{2D5A0344-623A-4BFA-AAB6-8AC64E2A4129}.Release|Any CPU.Build.0 = Release|Any CPU
		{2D5A0344-623A-4BFA-AAB6-8AC64E2A4129}.Release|x64.ActiveCfg = Release|x64
		{2D5A0344-623A-4BFA-AAB6-8AC64E2A4129}.Release|x64.Build.0 = Release|x64
		{2D5A0344-623A-4BFA-AAB6-8AC64E2A4129}.Release|x86.ActiveCfg = Release|x86
		{2D5A0344-623A-4BFA-AAB6-8AC64E2A4129}.Release|x86.Build.0 = Release|x86
		{74AC3B9E-FDC4-491C-98D2-CCA0F100D051}.Debug|Any CPU.ActiveCfg = Debug|Any CPU
		{74AC3B9E-FDC4-491C-98D2-CCA0F100D051}.Debug|Any CPU.Build.0 = Debug|Any CPU
		{74AC3B9E-FDC4-491C-98D2-CCA0F100D051}.Debug|x64.ActiveCfg = Debug|Any CPU
		{74AC3B9E-FDC4-491C-98D2-CCA0F100D051}.Debug|x64.Build.0 = Debug|Any CPU
		{74AC3B9E-FDC4-491C-98D2-CCA0F100D051}.Debug|x86.ActiveCfg = Debug|Any CPU
		{74AC3B9E-FDC4-491C-98D2-CCA0F100D051}.Debug|x86.Build.0 = Debug|Any CPU
		{74AC3B9E-FDC4-491C-98D2-CCA0F100D051}.Release|Any CPU.ActiveCfg = Release|Any CPU
		{74AC3B9E-FDC4-491C-98D2-CCA0F100D051}.Release|Any CPU.Build.0 = Release|Any CPU
		{74AC3B9E-FDC4-491C-98D2-CCA0F100D051}.Release|x64.ActiveCfg = Release|Any CPU
		{74AC3B9E-FDC4-491C-98D2-CCA0F100D051}.Release|x64.Build.0 = Release|Any CPU
		{74AC3B9E-FDC4-491C-98D2-CCA0F100D051}.Release|x86.ActiveCfg = Release|Any CPU
		{74AC3B9E-FDC4-491C-98D2-CCA0F100D051}.Release|x86.Build.0 = Release|Any CPU
		{123F94B1-65A5-4BCD-8E1E-7F8B95337444}.Debug|Any CPU.ActiveCfg = Debug|Any CPU
		{123F94B1-65A5-4BCD-8E1E-7F8B95337444}.Debug|Any CPU.Build.0 = Debug|Any CPU
		{123F94B1-65A5-4BCD-8E1E-7F8B95337444}.Debug|x64.ActiveCfg = Debug|Any CPU
		{123F94B1-65A5-4BCD-8E1E-7F8B95337444}.Debug|x64.Build.0 = Debug|Any CPU
		{123F94B1-65A5-4BCD-8E1E-7F8B95337444}.Debug|x86.ActiveCfg = Debug|Any CPU
		{123F94B1-65A5-4BCD-8E1E-7F8B95337444}.Debug|x86.Build.0 = Debug|Any CPU
		{123F94B1-65A5-4BCD-8E1E-7F8B95337444}.Release|Any CPU.ActiveCfg = Release|Any CPU
		{123F94B1-65A5-4BCD-8E1E-7F8B95337444}.Release|Any CPU.Build.0 = Release|Any CPU
		{123F94B1-65A5-4BCD-8E1E-7F8B95337444}.Release|x64.ActiveCfg = Release|Any CPU
		{123F94B1-65A5-4BCD-8E1E-7F8B95337444}.Release|x64.Build.0 = Release|Any CPU
		{123F94B1-65A5-4BCD-8E1E-7F8B95337444}.Release|x86.ActiveCfg = Release|Any CPU
		{123F94B1-65A5-4BCD-8E1E-7F8B95337444}.Release|x86.Build.0 = Release|Any CPU
		{D46C606E-5826-465F-9983-251E3D3B2F1C}.Debug|Any CPU.ActiveCfg = Debug|Any CPU
		{D46C606E-5826-465F-9983-251E3D3B2F1C}.Debug|Any CPU.Build.0 = Debug|Any CPU
		{D46C606E-5826-465F-9983-251E3D3B2F1C}.Debug|x64.ActiveCfg = Debug|Any CPU
		{D46C606E-5826-465F-9983-251E3D3B2F1C}.Debug|x64.Build.0 = Debug|Any CPU
		{D46C606E-5826-465F-9983-251E3D3B2F1C}.Debug|x86.ActiveCfg = Debug|Any CPU
		{D46C606E-5826-465F-9983-251E3D3B2F1C}.Debug|x86.Build.0 = Debug|Any CPU
		{D46C606E-5826-465F-9983-251E3D3B2F1C}.Release|Any CPU.ActiveCfg = Release|Any CPU
		{D46C606E-5826-465F-9983-251E3D3B2F1C}.Release|Any CPU.Build.0 = Release|Any CPU
		{D46C606E-5826-465F-9983-251E3D3B2F1C}.Release|x64.ActiveCfg = Release|Any CPU
		{D46C606E-5826-465F-9983-251E3D3B2F1C}.Release|x64.Build.0 = Release|Any CPU
		{D46C606E-5826-465F-9983-251E3D3B2F1C}.Release|x86.ActiveCfg = Release|Any CPU
		{D46C606E-5826-465F-9983-251E3D3B2F1C}.Release|x86.Build.0 = Release|Any CPU
		{97B92266-B7EE-468A-BA8B-EDCC6EC27C9B}.Debug|Any CPU.ActiveCfg = Debug|Any CPU
		{97B92266-B7EE-468A-BA8B-EDCC6EC27C9B}.Debug|Any CPU.Build.0 = Debug|Any CPU
		{97B92266-B7EE-468A-BA8B-EDCC6EC27C9B}.Debug|x64.ActiveCfg = Debug|Any CPU
		{97B92266-B7EE-468A-BA8B-EDCC6EC27C9B}.Debug|x64.Build.0 = Debug|Any CPU
		{97B92266-B7EE-468A-BA8B-EDCC6EC27C9B}.Debug|x86.ActiveCfg = Debug|Any CPU
		{97B92266-B7EE-468A-BA8B-EDCC6EC27C9B}.Debug|x86.Build.0 = Debug|Any CPU
		{97B92266-B7EE-468A-BA8B-EDCC6EC27C9B}.Release|Any CPU.ActiveCfg = Release|Any CPU
		{97B92266-B7EE-468A-BA8B-EDCC6EC27C9B}.Release|Any CPU.Build.0 = Release|Any CPU
		{97B92266-B7EE-468A-BA8B-EDCC6EC27C9B}.Release|x64.ActiveCfg = Release|Any CPU
		{97B92266-B7EE-468A-BA8B-EDCC6EC27C9B}.Release|x64.Build.0 = Release|Any CPU
		{97B92266-B7EE-468A-BA8B-EDCC6EC27C9B}.Release|x86.ActiveCfg = Release|Any CPU
		{97B92266-B7EE-468A-BA8B-EDCC6EC27C9B}.Release|x86.Build.0 = Release|Any CPU
		{D34D92C3-F717-4844-BD9A-B5A0FF40D0A6}.Debug|Any CPU.ActiveCfg = Debug|Any CPU
		{D34D92C3-F717-4844-BD9A-B5A0FF40D0A6}.Debug|Any CPU.Build.0 = Debug|Any CPU
		{D34D92C3-F717-4844-BD9A-B5A0FF40D0A6}.Debug|x64.ActiveCfg = Debug|Any CPU
		{D34D92C3-F717-4844-BD9A-B5A0FF40D0A6}.Debug|x64.Build.0 = Debug|Any CPU
		{D34D92C3-F717-4844-BD9A-B5A0FF40D0A6}.Debug|x86.ActiveCfg = Debug|Any CPU
		{D34D92C3-F717-4844-BD9A-B5A0FF40D0A6}.Debug|x86.Build.0 = Debug|Any CPU
		{D34D92C3-F717-4844-BD9A-B5A0FF40D0A6}.Release|Any CPU.ActiveCfg = Release|Any CPU
		{D34D92C3-F717-4844-BD9A-B5A0FF40D0A6}.Release|Any CPU.Build.0 = Release|Any CPU
		{D34D92C3-F717-4844-BD9A-B5A0FF40D0A6}.Release|x64.ActiveCfg = Release|Any CPU
		{D34D92C3-F717-4844-BD9A-B5A0FF40D0A6}.Release|x64.Build.0 = Release|Any CPU
		{D34D92C3-F717-4844-BD9A-B5A0FF40D0A6}.Release|x86.ActiveCfg = Release|Any CPU
		{D34D92C3-F717-4844-BD9A-B5A0FF40D0A6}.Release|x86.Build.0 = Release|Any CPU
	EndGlobalSection
	GlobalSection(SolutionProperties) = preSolution
		HideSolutionNode = FALSE
	EndGlobalSection
	GlobalSection(ExtensibilityGlobals) = postSolution
		SolutionGuid = {0A4A61D1-FDAA-416B-A6CB-5A0B310DDDC3}
	EndGlobalSection
EndGlobal
