
Microsoft Visual Studio Solution File, Format Version 12.00
# Visual Studio 15
VisualStudioVersion = 15.0.27130.2036
MinimumVisualStudioVersion = 10.0.40219.1
Project("{FAE04EC0-301F-11D3-BF4B-00C04F79EFBC}") = "Fix64Analyzer", "Fix64Analyzer\Fix64Analyzer\Fix64Analyzer.csproj", "{F9660A1A-23CD-448D-8892-0BB548C2F3C6}"
EndProject
Project("{FAE04EC0-301F-11D3-BF4B-00C04F79EFBC}") = "Fix64Analyzer.Vsix", "Fix64Analyzer\Fix64Analyzer.Vsix\Fix64Analyzer.Vsix.csproj", "{DC64180C-4B7F-4FFA-BA97-616D85AF55E1}"
EndProject
Global
	GlobalSection(SolutionConfigurationPlatforms) = preSolution
		Debug|Any CPU = Debug|Any CPU
		Release|Any CPU = Release|Any CPU
	EndGlobalSection
	GlobalSection(ProjectConfigurationPlatforms) = postSolution
		{F9660A1A-23CD-448D-8892-0BB548C2F3C6}.Debug|Any CPU.ActiveCfg = Debug|Any CPU
		{F9660A1A-23CD-448D-8892-0BB548C2F3C6}.Debug|Any CPU.Build.0 = Debug|Any CPU
		{F9660A1A-23CD-448D-8892-0BB548C2F3C6}.Release|Any CPU.ActiveCfg = Release|Any CPU
		{F9660A1A-23CD-448D-8892-0BB548C2F3C6}.Release|Any CPU.Build.0 = Release|Any CPU
		{DC64180C-4B7F-4FFA-BA97-616D85AF55E1}.Debug|Any CPU.ActiveCfg = Debug|Any CPU
		{DC64180C-4B7F-4FFA-BA97-616D85AF55E1}.Debug|Any CPU.Build.0 = Debug|Any CPU
		{DC64180C-4B7F-4FFA-BA97-616D85AF55E1}.Release|Any CPU.ActiveCfg = Release|Any CPU
		{DC64180C-4B7F-4FFA-BA97-616D85AF55E1}.Release|Any CPU.Build.0 = Release|Any CPU
	EndGlobalSection
	GlobalSection(SolutionProperties) = preSolution
		HideSolutionNode = FALSE
	EndGlobalSection
	GlobalSection(ExtensibilityGlobals) = postSolution
		SolutionGuid = {44E49A5E-716D-4C8B-9553-A0F6308D86CF}
	EndGlobalSection
EndGlobal
