
Microsoft Visual Studio Solution File, Format Version 12.00
# Visual Studio Version 17
VisualStudioVersion = 17.5.33414.496
MinimumVisualStudioVersion = 10.0.40219.1
Project("{FAE04EC0-301F-11D3-BF4B-00C04F79EFBC}") = "BattleServer", "BattleServer\BattleServer.csproj", "{62C3B588-2063-4666-8E21-6E1805070A6D}"
EndProject
Project("{FAE04EC0-301F-11D3-BF4B-00C04F79EFBC}") = "Messages", "Messages\Messages.csproj", "{508BB296-923E-46B3-83F6-104DD7BE14F6}"
EndProject
Project("{FAE04EC0-301F-11D3-BF4B-00C04F79EFBC}") = "LeafNet", "LeafNet\LeafNet.csproj", "{23F823C4-A901-49BA-B9AF-F60A27D1FB2A}"
EndProject
Global
	GlobalSection(SolutionConfigurationPlatforms) = preSolution
		Debug|Any CPU = Debug|Any CPU
		Release|Any CPU = Release|Any CPU
	EndGlobalSection
	GlobalSection(ProjectConfigurationPlatforms) = postSolution
		{62C3B588-2063-4666-8E21-6E1805070A6D}.Debug|Any CPU.ActiveCfg = Debug|Any CPU
		{62C3B588-2063-4666-8E21-6E1805070A6D}.Debug|Any CPU.Build.0 = Debug|Any CPU
		{62C3B588-2063-4666-8E21-6E1805070A6D}.Release|Any CPU.ActiveCfg = Release|Any CPU
		{62C3B588-2063-4666-8E21-6E1805070A6D}.Release|Any CPU.Build.0 = Release|Any CPU
		{508BB296-923E-46B3-83F6-104DD7BE14F6}.Debug|Any CPU.ActiveCfg = Debug|Any CPU
		{508BB296-923E-46B3-83F6-104DD7BE14F6}.Debug|Any CPU.Build.0 = Debug|Any CPU
		{508BB296-923E-46B3-83F6-104DD7BE14F6}.Release|Any CPU.ActiveCfg = Release|Any CPU
		{508BB296-923E-46B3-83F6-104DD7BE14F6}.Release|Any CPU.Build.0 = Release|Any CPU
		{23F823C4-A901-49BA-B9AF-F60A27D1FB2A}.Debug|Any CPU.ActiveCfg = Debug|Any CPU
		{23F823C4-A901-49BA-B9AF-F60A27D1FB2A}.Debug|Any CPU.Build.0 = Debug|Any CPU
		{23F823C4-A901-49BA-B9AF-F60A27D1FB2A}.Release|Any CPU.ActiveCfg = Release|Any CPU
		{23F823C4-A901-49BA-B9AF-F60A27D1FB2A}.Release|Any CPU.Build.0 = Release|Any CPU
	EndGlobalSection
	GlobalSection(SolutionProperties) = preSolution
		HideSolutionNode = FALSE
	EndGlobalSection
	GlobalSection(ExtensibilityGlobals) = postSolution
		SolutionGuid = {9035CDE9-72D1-47C9-9D1E-5E8DA603611A}
	EndGlobalSection
EndGlobal
